github.com/BurntSushi/toml v1.6.0 h1:dRaEfpa2VI55EwlIW72hMRHdWouJeRF7TPYhI+AUQjk=
github.com/BurntSushi/toml v1.6.0/go.mod h1:ukJfTF/6rtPPRCnwkur4qwRxa8vTRFBF0uk2lLoLwho=
github.com/allan-simon/go-singleinstance v0.0.0-20210120080615-d0997106ab37 h1:28uU3TtuvQ6KRndxg9TrC868jBWmSKgh0GTXkACCXmA=
github.com/allan-simon/go-singleinstance v0.0.0-20210120080615-d0997106ab37/go.mod h1:6AXRstqK+32jeFmw89QGL2748+dj34Av4xc/I9oo9BY=
github.com/atotto/clipboard v0.1.4 h1:EH0zSVneZPSuFR11BlR9YppQTVDbh5+16AmcJi4g1z4=
github.com/atotto/clipboard v0.1.4/go.mod h1:ZY9tmq7sm5xIbd9bOK4onWV4S6X0u6GY7Vn0Yu86PYI=
github.com/google/go-cmp v0.7.0 h1:wk8382ETsv4JYUZwIsn6YpYiWiBsYLSJiTsyBybVuN8=
github.com/google/go-cmp v0.7.0/go.mod h1:pXiqmnSA92OHEEa9HXL2W4E7lf9JzCmGVUdgjX3N/iU=
github.com/jstarks/npiperelay v0.1.0 h1:8aE68voJ84WliWZG2UdUTw5YCXiJXETjKZjCAkn9WnU=
github.com/jstarks/npiperelay v0.1.0/go.mod h1:ZFBLGh8o9cdvNwXoN8pRK9MQ7Hp1/xHdJ/lBp2+mP1s=
github.com/skratchdot/open-golang v0.0.0-20200116055534-eef842397966 h1:JIAuq3EEf9cgbU6AtGPK4CTG3Zf6CKMNqf0MHTggAUA=
github.com/skratchdot/open-golang v0.0.0-20200116055534-eef842397966/go.mod h1:sUM3LWHvSMaG192sy56D9F7CNvL7jUJVXoqM1QKLnog=
golang.org/x/crypto v0.49.0 h1:+Ng2ULVvLHnJ/ZFEq4KdcDd/cfjrrjjNSXNzxg0Y4U4=
golang.org/x/crypto v0.49.0/go.mod h1:ErX4dUh2UM+CFYiXZRTcMpEcN8b/1gxEuv3nODoYtCA=
golang.org/x/exp/typeparams v0.0.0-20260312153236-7ab1446f8b90 h1:cfW8UCYSVdPblxA7qQe3o5Iad55Vsx4BFmuGS9RNOmc=
golang.org/x/exp/typeparams v0.0.0-20260312153236-7ab1446f8b90/go.mod h1:PqrXSW65cXDZH0k4IeUbhmg/bcAZDbzNz3byBpKCsXo=
golang.org/x/mod v0.34.0 h1:xIHgNUUnW6sYkcM5Jleh05DvLOtwc6RitGHbDk4akRI=
golang.org/x/mod v0.34.0/go.mod h1:ykgH52iCZe79kzLLMhyCUzhMci+nQj+0XkbXpNYtVjY=
golang.org/x/sync v0.20.0 h1:e0PTpb7pjO8GAtTs2dQ6jYa5BWYlMuX047Dco/pItO4=
golang.org/x/sync v0.20.0/go.mod h1:9xrNwdLfx4jkKbNva9FpL6vEN7evnE43NNNJQ2LF3+0=
golang.org/x/sys v0.0.0-20200625212154-ddb9806d33ae/go.mod h1:h1NjWce9XRLGQEsW7wpKNCjG9DtNlClVuFLEZdDNbEs=
golang.org/x/sys v0.42.0 h1:omrd2nAlyT5ESRdCLYdm3+fMfNFE/+Rf4bDIQImRJeo=
golang.org/x/sys v0.42.0/go.mod h1:4GL1E5IUh+htKOUEOaiffhrAeqysfVGipDYzABqnCmw=
golang.org/x/tools v0.43.0 h1:12BdW9CeB3Z+J/I/wj34VMl8X+fEXBxVR90JeMX5E7s=
golang.org/x/tools v0.43.0/go.mod h1:uHkMso649BX2cZK6+RpuIPXS3ho2hZo4FVwfoy1vIk0=
golang.org/x/tools/go/expect v0.1.1-deprecated h1:jpBZDwmgPhXsKZC6WhL20P4b/wmnpsEAGHaNy0n/rJM=
golang.org/x/tools/go/expect v0.1.1-deprecated/go.mod h1:eihoPOH+FgIqa3FpoTwguz/bVUSGBlGQU67vpBeOrBY=
honnef.co/go/tools v0.7.0 h1:w6WUp1VbkqPEgLz4rkBzH/CSU6HkoqNLp6GstyTx3lU=
honnef.co/go/tools v0.7.0/go.mod h1:pm29oPxeP3P82ISxZDgIYeOaf9ta6Pi0EWvCFoLG2vc=
